
Microsoft Visual Studio Solution File, Format Version 12.00
# Visual Studio Version 16
VisualStudioVersion = 16.0.28803.352
MinimumVisualStudioVersion = 10.0.40219.1
Project("{FAE04EC0-301F-11D3-BF4B-00C04F79EFBC}") = "Ch12Ex03", "Ch12Ex03\Ch12Ex03.csproj", "{8420ADA7-49D1-4984-8704-7C5B95DB751E}"
EndProject
Global
	GlobalSection(SolutionConfigurationPlatforms) = preSolution
		Debug|Any CPU = Debug|Any CPU
		Release|Any CPU = Release|Any CPU
	EndGlobalSection
	GlobalSection(ProjectConfigurationPlatforms) = postSolution
		{8420ADA7-49D1-4984-8704-7C5B95DB751E}.Debug|Any CPU.ActiveCfg = Debug|Any CPU
		{8420ADA7-49D1-4984-8704-7C5B95DB751E}.Debug|Any CPU.Build.0 = Debug|Any CPU
		{8420ADA7-49D1-4984-8704-7C5B95DB751E}.Release|Any CPU.ActiveCfg = Release|Any CPU
		{8420ADA7-49D1-4984-8704-7C5B95DB751E}.Release|Any CPU.Build.0 = Release|Any CPU
	EndGlobalSection
	GlobalSection(SolutionProperties) = preSolution
		HideSolutionNode = FALSE
	EndGlobalSection
	GlobalSection(ExtensibilityGlobals) = postSolution
		SolutionGuid = {9AEC7EC2-CB46-435B-A926-5E37651B5388}
	EndGlobalSection
EndGlobal
