
Microsoft Visual Studio Solution File, Format Version 12.00
# Visual Studio 15
VisualStudioVersion = 15.0.28307.489
MinimumVisualStudioVersion = 10.0.40219.1
Project("{FAE04EC0-301F-11D3-BF4B-00C04F79EFBC}") = "HelloWeb", "HelloWeb\HelloWeb.csproj", "{18649227-2F41-4884-A7FD-3BF6144C9A9C}"
EndProject
Global
	GlobalSection(SolutionConfigurationPlatforms) = preSolution
		Debug|Any CPU = Debug|Any CPU
		Release|Any CPU = Release|Any CPU
	EndGlobalSection
	GlobalSection(ProjectConfigurationPlatforms) = postSolution
		{18649227-2F41-4884-A7FD-3BF6144C9A9C}.Debug|Any CPU.ActiveCfg = Debug|Any CPU
		{18649227-2F41-4884-A7FD-3BF6144C9A9C}.Debug|Any CPU.Build.0 = Debug|Any CPU
		{18649227-2F41-4884-A7FD-3BF6144C9A9C}.Release|Any CPU.ActiveCfg = Release|Any CPU
		{18649227-2F41-4884-A7FD-3BF6144C9A9C}.Release|Any CPU.Build.0 = Release|Any CPU
	EndGlobalSection
	GlobalSection(SolutionProperties) = preSolution
		HideSolutionNode = FALSE
	EndGlobalSection
	GlobalSection(ExtensibilityGlobals) = postSolution
		SolutionGuid = {E894B0DC-7769-4B40-A4E1-C308ED29EDE4}
	EndGlobalSection
EndGlobal
