
Microsoft Visual Studio Solution File, Format Version 12.00
# Visual Studio 15
VisualStudioVersion = 15.0.28307.489
MinimumVisualStudioVersion = 10.0.40219.1
Project("{FAE04EC0-301F-11D3-BF4B-00C04F79EFBC}") = "Ch05Ex05", "Ch05Ex05\Ch05Ex05.csproj", "{24831038-A907-49B0-B5A0-3C268167F1ED}"
EndProject
Global
	GlobalSection(SolutionConfigurationPlatforms) = preSolution
		Debug|Any CPU = Debug|Any CPU
		Release|Any CPU = Release|Any CPU
	EndGlobalSection
	GlobalSection(ProjectConfigurationPlatforms) = postSolution
		{24831038-A907-49B0-B5A0-3C268167F1ED}.Debug|Any CPU.ActiveCfg = Debug|Any CPU
		{24831038-A907-49B0-B5A0-3C268167F1ED}.Debug|Any CPU.Build.0 = Debug|Any CPU
		{24831038-A907-49B0-B5A0-3C268167F1ED}.Release|Any CPU.ActiveCfg = Release|Any CPU
		{24831038-A907-49B0-B5A0-3C268167F1ED}.Release|Any CPU.Build.0 = Release|Any CPU
	EndGlobalSection
	GlobalSection(SolutionProperties) = preSolution
		HideSolutionNode = FALSE
	EndGlobalSection
	GlobalSection(ExtensibilityGlobals) = postSolution
		SolutionGuid = {16DA90F8-8EB8-4761-BCFE-E575C0D0B7FD}
	EndGlobalSection
EndGlobal
