
Microsoft Visual Studio Solution File, Format Version 12.00
# Visual Studio 15
VisualStudioVersion = 15.0.28307.489
MinimumVisualStudioVersion = 10.0.40219.1
Project("{FAE04EC0-301F-11D3-BF4B-00C04F79EFBC}") = "Ch05Ex04", "Ch05Ex04\Ch05Ex04.csproj", "{AA936069-CB0C-46A0-ABB8-F5C6D75F8575}"
EndProject
Global
	GlobalSection(SolutionConfigurationPlatforms) = preSolution
		Debug|Any CPU = Debug|Any CPU
		Release|Any CPU = Release|Any CPU
	EndGlobalSection
	GlobalSection(ProjectConfigurationPlatforms) = postSolution
		{AA936069-CB0C-46A0-ABB8-F5C6D75F8575}.Debug|Any CPU.ActiveCfg = Debug|Any CPU
		{AA936069-CB0C-46A0-ABB8-F5C6D75F8575}.Debug|Any CPU.Build.0 = Debug|Any CPU
		{AA936069-CB0C-46A0-ABB8-F5C6D75F8575}.Release|Any CPU.ActiveCfg = Release|Any CPU
		{AA936069-CB0C-46A0-ABB8-F5C6D75F8575}.Release|Any CPU.Build.0 = Release|Any CPU
	EndGlobalSection
	GlobalSection(SolutionProperties) = preSolution
		HideSolutionNode = FALSE
	EndGlobalSection
	GlobalSection(ExtensibilityGlobals) = postSolution
		SolutionGuid = {E62DE871-B2F7-4C37-9B9A-FB6F52197B53}
	EndGlobalSection
EndGlobal
