
Microsoft Visual Studio Solution File, Format Version 12.00
# Visual Studio 15
VisualStudioVersion = 15.0.28307.489
MinimumVisualStudioVersion = 10.0.40219.1
Project("{FAE04EC0-301F-11D3-BF4B-00C04F79EFBC}") = "Ch06Ex03", "Ch06Ex03\Ch06Ex03.csproj", "{59649B18-ADE6-4FD9-BC1A-909A7B288D1C}"
EndProject
Global
	GlobalSection(SolutionConfigurationPlatforms) = preSolution
		Debug|Any CPU = Debug|Any CPU
		Release|Any CPU = Release|Any CPU
	EndGlobalSection
	GlobalSection(ProjectConfigurationPlatforms) = postSolution
		{59649B18-ADE6-4FD9-BC1A-909A7B288D1C}.Debug|Any CPU.ActiveCfg = Debug|Any CPU
		{59649B18-ADE6-4FD9-BC1A-909A7B288D1C}.Debug|Any CPU.Build.0 = Debug|Any CPU
		{59649B18-ADE6-4FD9-BC1A-909A7B288D1C}.Release|Any CPU.ActiveCfg = Release|Any CPU
		{59649B18-ADE6-4FD9-BC1A-909A7B288D1C}.Release|Any CPU.Build.0 = Release|Any CPU
	EndGlobalSection
	GlobalSection(SolutionProperties) = preSolution
		HideSolutionNode = FALSE
	EndGlobalSection
	GlobalSection(ExtensibilityGlobals) = postSolution
		SolutionGuid = {084B4856-FE68-4B0F-BBD4-C92989F720CE}
	EndGlobalSection
EndGlobal
