
Microsoft Visual Studio Solution File, Format Version 12.00
# Visual Studio Version 16
VisualStudioVersion = 16.0.28803.352
MinimumVisualStudioVersion = 10.0.40219.1
Project("{FAE04EC0-301F-11D3-BF4B-00C04F79EFBC}") = "Ch11Ex05", "Ch11Ex05\Ch11Ex05.csproj", "{1CBFF867-55B3-4D38-ADCD-93B3FB142EAF}"
EndProject
Global
	GlobalSection(SolutionConfigurationPlatforms) = preSolution
		Debug|Any CPU = Debug|Any CPU
		Release|Any CPU = Release|Any CPU
	EndGlobalSection
	GlobalSection(ProjectConfigurationPlatforms) = postSolution
		{1CBFF867-55B3-4D38-ADCD-93B3FB142EAF}.Debug|Any CPU.ActiveCfg = Debug|Any CPU
		{1CBFF867-55B3-4D38-ADCD-93B3FB142EAF}.Debug|Any CPU.Build.0 = Debug|Any CPU
		{1CBFF867-55B3-4D38-ADCD-93B3FB142EAF}.Release|Any CPU.ActiveCfg = Release|Any CPU
		{1CBFF867-55B3-4D38-ADCD-93B3FB142EAF}.Release|Any CPU.Build.0 = Release|Any CPU
	EndGlobalSection
	GlobalSection(SolutionProperties) = preSolution
		HideSolutionNode = FALSE
	EndGlobalSection
	GlobalSection(ExtensibilityGlobals) = postSolution
		SolutionGuid = {FEBCC081-C54C-443C-8658-690926369D0D}
	EndGlobalSection
EndGlobal
