
Microsoft Visual Studio Solution File, Format Version 12.00
# Visual Studio 15
VisualStudioVersion = 15.0.28307.489
MinimumVisualStudioVersion = 10.0.40219.1
Project("{FAE04EC0-301F-11D3-BF4B-00C04F79EFBC}") = "Ch03Ex01", "Ch03Ex01\Ch03Ex01.csproj", "{AE90F714-2271-44EE-ABE8-1A558F374E6A}"
EndProject
Global
	GlobalSection(SolutionConfigurationPlatforms) = preSolution
		Debug|Any CPU = Debug|Any CPU
		Release|Any CPU = Release|Any CPU
	EndGlobalSection
	GlobalSection(ProjectConfigurationPlatforms) = postSolution
		{AE90F714-2271-44EE-ABE8-1A558F374E6A}.Debug|Any CPU.ActiveCfg = Debug|Any CPU
		{AE90F714-2271-44EE-ABE8-1A558F374E6A}.Debug|Any CPU.Build.0 = Debug|Any CPU
		{AE90F714-2271-44EE-ABE8-1A558F374E6A}.Release|Any CPU.ActiveCfg = Release|Any CPU
		{AE90F714-2271-44EE-ABE8-1A558F374E6A}.Release|Any CPU.Build.0 = Release|Any CPU
	EndGlobalSection
	GlobalSection(SolutionProperties) = preSolution
		HideSolutionNode = FALSE
	EndGlobalSection
	GlobalSection(ExtensibilityGlobals) = postSolution
		SolutionGuid = {F6536746-8B77-4EDF-A1C4-57A4E7D09649}
	EndGlobalSection
EndGlobal
