
Microsoft Visual Studio Solution File, Format Version 12.00
# Visual Studio 15
VisualStudioVersion = 15.0.28307.539
MinimumVisualStudioVersion = 10.0.40219.1
Project("{FAE04EC0-301F-11D3-BF4B-00C04F79EFBC}") = "WcfHello", "WcfHello\WcfHello.csproj", "{CD27EFCA-2F6D-41F5-9871-9F164051D95F}"
EndProject
Global
	GlobalSection(SolutionConfigurationPlatforms) = preSolution
		Debug|Any CPU = Debug|Any CPU
		Release|Any CPU = Release|Any CPU
	EndGlobalSection
	GlobalSection(ProjectConfigurationPlatforms) = postSolution
		{CD27EFCA-2F6D-41F5-9871-9F164051D95F}.Debug|Any CPU.ActiveCfg = Debug|Any CPU
		{CD27EFCA-2F6D-41F5-9871-9F164051D95F}.Debug|Any CPU.Build.0 = Debug|Any CPU
		{CD27EFCA-2F6D-41F5-9871-9F164051D95F}.Release|Any CPU.ActiveCfg = Release|Any CPU
		{CD27EFCA-2F6D-41F5-9871-9F164051D95F}.Release|Any CPU.Build.0 = Release|Any CPU
	EndGlobalSection
	GlobalSection(SolutionProperties) = preSolution
		HideSolutionNode = FALSE
	EndGlobalSection
	GlobalSection(ExtensibilityGlobals) = postSolution
		SolutionGuid = {03ACF14C-151E-4CD8-8172-8D73E1519556}
	EndGlobalSection
EndGlobal
