
Microsoft Visual Studio Solution File, Format Version 12.00
Project("{FAE04EC0-301F-11D3-BF4B-00C04F79EFBC}") = "InterfaceExample3", "InterfaceExample3\InterfaceExample3.csproj", "{2E870553-0E65-44FA-A974-2FA7C12E5599}"
EndProject
Project("{FAE04EC0-301F-11D3-BF4B-00C04F79EFBC}") = "InterfaceExample3.Tests", "InterfaceExample3.Tests\InterfaceExample3.Tests.csproj", "{AE0A152D-358F-423B-A875-0310DC5205BE}"
EndProject
Global
	GlobalSection(SolutionConfigurationPlatforms) = preSolution
		Debug|Any CPU = Debug|Any CPU
		Release|Any CPU = Release|Any CPU
	EndGlobalSection
	GlobalSection(ProjectConfigurationPlatforms) = postSolution
		{2E870553-0E65-44FA-A974-2FA7C12E5599}.Debug|Any CPU.ActiveCfg = Debug|Any CPU
		{2E870553-0E65-44FA-A974-2FA7C12E5599}.Debug|Any CPU.Build.0 = Debug|Any CPU
		{2E870553-0E65-44FA-A974-2FA7C12E5599}.Release|Any CPU.ActiveCfg = Release|Any CPU
		{2E870553-0E65-44FA-A974-2FA7C12E5599}.Release|Any CPU.Build.0 = Release|Any CPU
		{AE0A152D-358F-423B-A875-0310DC5205BE}.Debug|Any CPU.ActiveCfg = Debug|Any CPU
		{AE0A152D-358F-423B-A875-0310DC5205BE}.Debug|Any CPU.Build.0 = Debug|Any CPU
		{AE0A152D-358F-423B-A875-0310DC5205BE}.Release|Any CPU.ActiveCfg = Release|Any CPU
		{AE0A152D-358F-423B-A875-0310DC5205BE}.Release|Any CPU.Build.0 = Release|Any CPU
	EndGlobalSection
EndGlobal
