
Microsoft Visual Studio Solution File, Format Version 12.00
# Visual Studio Version 16
VisualStudioVersion = 16.0.29009.5
MinimumVisualStudioVersion = 10.0.40219.1
Project("{FAE04EC0-301F-11D3-BF4B-00C04F79EFBC}") = "StaticSample", "StaticSample\StaticSample.csproj", "{1C4CF755-4A1C-4FC6-B89A-C358E2DE2715}"
EndProject
Global
	GlobalSection(SolutionConfigurationPlatforms) = preSolution
		Debug|Any CPU = Debug|Any CPU
		Release|Any CPU = Release|Any CPU
	EndGlobalSection
	GlobalSection(ProjectConfigurationPlatforms) = postSolution
		{1C4CF755-4A1C-4FC6-B89A-C358E2DE2715}.Debug|Any CPU.ActiveCfg = Debug|Any CPU
		{1C4CF755-4A1C-4FC6-B89A-C358E2DE2715}.Debug|Any CPU.Build.0 = Debug|Any CPU
		{1C4CF755-4A1C-4FC6-B89A-C358E2DE2715}.Release|Any CPU.ActiveCfg = Release|Any CPU
		{1C4CF755-4A1C-4FC6-B89A-C358E2DE2715}.Release|Any CPU.Build.0 = Release|Any CPU
	EndGlobalSection
	GlobalSection(SolutionProperties) = preSolution
		HideSolutionNode = FALSE
	EndGlobalSection
	GlobalSection(ExtensibilityGlobals) = postSolution
		SolutionGuid = {D34B23F7-B54D-4869-9357-07E33B6FE130}
	EndGlobalSection
EndGlobal
